
Microsoft Visual Studio Solution File, Format Version 12.00
# Visual Studio Version 17
VisualStudioVersion = 17.9.34728.123
MinimumVisualStudioVersion = 10.0.40219.1
Project("{9A19103F-16F7-4668-BE54-9A1E7A4F7556}") = "LINQ-Examples", "LINQ-Examples.csproj", "{13D3EB2A-81B9-4177-9F86-266E734349C1}"
EndProject
Global
	GlobalSection(SolutionConfigurationPlatforms) = preSolution
		Debug|Any CPU = Debug|Any CPU
		Release|Any CPU = Release|Any CPU
	EndGlobalSection
	GlobalSection(ProjectConfigurationPlatforms) = postSolution
		{13D3EB2A-81B9-4177-9F86-266E734349C1}.Debug|Any CPU.ActiveCfg = Debug|Any CPU
		{13D3EB2A-81B9-4177-9F86-266E734349C1}.Debug|Any CPU.Build.0 = Debug|Any CPU
		{13D3EB2A-81B9-4177-9F86-266E734349C1}.Release|Any CPU.ActiveCfg = Release|Any CPU
		{13D3EB2A-81B9-4177-9F86-266E734349C1}.Release|Any CPU.Build.0 = Release|Any CPU
	EndGlobalSection
	GlobalSection(SolutionProperties) = preSolution
		HideSolutionNode = FALSE
	EndGlobalSection
	GlobalSection(ExtensibilityGlobals) = postSolution
		SolutionGuid = {18D343D5-C81F-4613-9746-7708B5FBE30C}
	EndGlobalSection
EndGlobal
